// !$*UTF8*$!
{
	archiveVersion = 1;
	classes = {
	};
	objectVersion = 50;
	objects = {

/* Begin PBXBuildFile section */
		8411017E26B6B7F200759BCE /* ColorOnPaletteView.m in Sources */ = {isa = PBXBuildFile; fileRef = 8411017D26B6B7F200759BCE /* ColorOnPaletteView.m */; };
		8411018126B6CE4F00759BCE /* CanvasView.m in Sources */ = {isa = PBXBuildFile; fileRef = 8411018026B6CE4F00759BCE /* CanvasView.m */; };
		8411018826B6E2F800759BCE /* DrawingsViewController.swift in Sources */ = {isa = PBXBuildFile; fileRef = 8411018226B6E2F800759BCE /* DrawingsViewController.swift */; };
		8411018926B6E2F800759BCE /* ArtistViewController.swift in Sources */ = {isa = PBXBuildFile; fileRef = 8411018326B6E2F800759BCE /* ArtistViewController.swift */; };
		8411018A26B6E2F800759BCE /* ModalViewController.swift in Sources */ = {isa = PBXBuildFile; fileRef = 8411018426B6E2F800759BCE /* ModalViewController.swift */; };
		8411018B26B6E2F800759BCE /* PaletteViewController.swift in Sources */ = {isa = PBXBuildFile; fileRef = 8411018526B6E2F800759BCE /* PaletteViewController.swift */; };
		8411018C26B6E2F800759BCE /* TimerViewController.swift in Sources */ = {isa = PBXBuildFile; fileRef = 8411018626B6E2F800759BCE /* TimerViewController.swift */; };
		8411018D26B6E2F800759BCE /* NavigationController.swift in Sources */ = {isa = PBXBuildFile; fileRef = 8411018726B6E2F800759BCE /* NavigationController.swift */; };
		8411019026B6E34B00759BCE /* ArtisiViewController.m in Sources */ = {isa = PBXBuildFile; fileRef = 8411018F26B6E34B00759BCE /* ArtisiViewController.m */; };
		8411019326B6F57A00759BCE /* PaletteViewController.m in Sources */ = {isa = PBXBuildFile; fileRef = 8411019226B6F57A00759BCE /* PaletteViewController.m */; };
		8422846126B5A62A00145290 /* PlanetPath.m in Sources */ = {isa = PBXBuildFile; fileRef = 8422846026B5A62A00145290 /* PlanetPath.m */; };
		8422846326B5A7DF00145290 /* TreePath.m in Sources */ = {isa = PBXBuildFile; fileRef = 8422846226B5A7DF00145290 /* TreePath.m */; };
		8422846D26B5AA7200145290 /* ActionButton.m in Sources */ = {isa = PBXBuildFile; fileRef = 8422846C26B5AA7200145290 /* ActionButton.m */; };
		8422846F26B5AAFE00145290 /* DrawButton.m in Sources */ = {isa = PBXBuildFile; fileRef = 8422846E26B5AAFE00145290 /* DrawButton.m */; };
		8422847326B5BB3200145290 /* PaletteControl.m in Sources */ = {isa = PBXBuildFile; fileRef = 8422847226B5BB3200145290 /* PaletteControl.m */; };
		84292DD526B537630045D638 /* AppDelegate.swift in Sources */ = {isa = PBXBuildFile; fileRef = 84292DD426B537630045D638 /* AppDelegate.swift */; };
		84292DD726B537630045D638 /* SceneDelegate.swift in Sources */ = {isa = PBXBuildFile; fileRef = 84292DD626B537630045D638 /* SceneDelegate.swift */; };
		84292DDE26B537650045D638 /* Assets.xcassets in Resources */ = {isa = PBXBuildFile; fileRef = 84292DDD26B537650045D638 /* Assets.xcassets */; };
		84292DE126B537650045D638 /* LaunchScreen.storyboard in Resources */ = {isa = PBXBuildFile; fileRef = 84292DDF26B537650045D638 /* LaunchScreen.storyboard */; };
		84292DF026B53BF30045D638 /* UIColor+MyColors.m in Sources */ = {isa = PBXBuildFile; fileRef = 84292DEF26B53BF30045D638 /* UIColor+MyColors.m */; };
		84292DF326B541EC0045D638 /* UIFont+MyFont.m in Sources */ = {isa = PBXBuildFile; fileRef = 84292DF226B541EC0045D638 /* UIFont+MyFont.m */; };
		84292DF626B5454F0045D638 /* UIView+ToPNGDataMethod.m in Sources */ = {isa = PBXBuildFile; fileRef = 84292DF526B5454F0045D638 /* UIView+ToPNGDataMethod.m */; };
		84292E0226B5494D0045D638 /* PathToDraw.m in Sources */ = {isa = PBXBuildFile; fileRef = 84292E0126B5494D0045D638 /* PathToDraw.m */; };
		84292E0526B55D940045D638 /* HeadPath.m in Sources */ = {isa = PBXBuildFile; fileRef = 84292E0426B55D940045D638 /* HeadPath.m */; };
		84292E0826B5678C0045D638 /* LandscapePath.m in Sources */ = {isa = PBXBuildFile; fileRef = 84292E0726B5678C0045D638 /* LandscapePath.m */; };
/* End PBXBuildFile section */

/* Begin PBXFileReference section */
		8411017C26B6B7F200759BCE /* ColorOnPaletteView.h */ = {isa = PBXFileReference; lastKnownFileType = sourcecode.c.h; path = ColorOnPaletteView.h; sourceTree = "<group>"; };
		8411017D26B6B7F200759BCE /* ColorOnPaletteView.m */ = {isa = PBXFileReference; lastKnownFileType = sourcecode.c.objc; path = ColorOnPaletteView.m; sourceTree = "<group>"; };
		8411017F26B6CE4F00759BCE /* CanvasView.h */ = {isa = PBXFileReference; lastKnownFileType = sourcecode.c.h; path = CanvasView.h; sourceTree = "<group>"; };
		8411018026B6CE4F00759BCE /* CanvasView.m */ = {isa = PBXFileReference; lastKnownFileType = sourcecode.c.objc; path = CanvasView.m; sourceTree = "<group>"; };
		8411018226B6E2F800759BCE /* DrawingsViewController.swift */ = {isa = PBXFileReference; fileEncoding = 4; lastKnownFileType = sourcecode.swift; path = DrawingsViewController.swift; sourceTree = "<group>"; };
		8411018326B6E2F800759BCE /* ArtistViewController.swift */ = {isa = PBXFileReference; fileEncoding = 4; lastKnownFileType = sourcecode.swift; path = ArtistViewController.swift; sourceTree = "<group>"; };
		8411018426B6E2F800759BCE /* ModalViewController.swift */ = {isa = PBXFileReference; fileEncoding = 4; lastKnownFileType = sourcecode.swift; path = ModalViewController.swift; sourceTree = "<group>"; };
		8411018526B6E2F800759BCE /* PaletteViewController.swift */ = {isa = PBXFileReference; fileEncoding = 4; lastKnownFileType = sourcecode.swift; path = PaletteViewController.swift; sourceTree = "<group>"; };
		8411018626B6E2F800759BCE /* TimerViewController.swift */ = {isa = PBXFileReference; fileEncoding = 4; lastKnownFileType = sourcecode.swift; path = TimerViewController.swift; sourceTree = "<group>"; };
		8411018726B6E2F800759BCE /* NavigationController.swift */ = {isa = PBXFileReference; fileEncoding = 4; lastKnownFileType = sourcecode.swift; path = NavigationController.swift; sourceTree = "<group>"; };
		8411018E26B6E34B00759BCE /* ArtisiViewController.h */ = {isa = PBXFileReference; lastKnownFileType = sourcecode.c.h; path = ArtisiViewController.h; sourceTree = "<group>"; };
		8411018F26B6E34B00759BCE /* ArtisiViewController.m */ = {isa = PBXFileReference; lastKnownFileType = sourcecode.c.objc; path = ArtisiViewController.m; sourceTree = "<group>"; };
		8411019126B6F57A00759BCE /* PaletteViewController.h */ = {isa = PBXFileReference; lastKnownFileType = sourcecode.c.h; path = PaletteViewController.h; sourceTree = "<group>"; };
		8411019226B6F57A00759BCE /* PaletteViewController.m */ = {isa = PBXFileReference; lastKnownFileType = sourcecode.c.objc; path = PaletteViewController.m; sourceTree = "<group>"; };
		8422845F26B5A58A00145290 /* PlanetPath.h */ = {isa = PBXFileReference; lastKnownFileType = sourcecode.c.h; path = PlanetPath.h; sourceTree = "<group>"; };
		8422846026B5A62A00145290 /* PlanetPath.m */ = {isa = PBXFileReference; lastKnownFileType = sourcecode.c.objc; path = PlanetPath.m; sourceTree = "<group>"; };
		8422846226B5A7DF00145290 /* TreePath.m */ = {isa = PBXFileReference; lastKnownFileType = sourcecode.c.objc; path = TreePath.m; sourceTree = "<group>"; };
		8422846426B5A7F000145290 /* TreePath.h */ = {isa = PBXFileReference; lastKnownFileType = sourcecode.c.h; path = TreePath.h; sourceTree = "<group>"; };
		8422846B26B5AA6400145290 /* ActionButton.h */ = {isa = PBXFileReference; lastKnownFileType = sourcecode.c.h; path = ActionButton.h; sourceTree = "<group>"; };
		8422846C26B5AA7200145290 /* ActionButton.m */ = {isa = PBXFileReference; lastKnownFileType = sourcecode.c.objc; path = ActionButton.m; sourceTree = "<group>"; };
		8422846E26B5AAFE00145290 /* DrawButton.m */ = {isa = PBXFileReference; lastKnownFileType = sourcecode.c.objc; path = DrawButton.m; sourceTree = "<group>"; };
		8422847026B5AB1D00145290 /* DrawButton.h */ = {isa = PBXFileReference; lastKnownFileType = sourcecode.c.h; path = DrawButton.h; sourceTree = "<group>"; };
		8422847126B5BB0B00145290 /* PaletteControl.h */ = {isa = PBXFileReference; lastKnownFileType = sourcecode.c.h; path = PaletteControl.h; sourceTree = "<group>"; };
		8422847226B5BB3200145290 /* PaletteControl.m */ = {isa = PBXFileReference; lastKnownFileType = sourcecode.c.objc; path = PaletteControl.m; sourceTree = "<group>"; };
		84292DD126B537630045D638 /* Drawing pictures.app */ = {isa = PBXFileReference; explicitFileType = wrapper.application; includeInIndex = 0; path = "Drawing pictures.app"; sourceTree = BUILT_PRODUCTS_DIR; };
		84292DD426B537630045D638 /* AppDelegate.swift */ = {isa = PBXFileReference; lastKnownFileType = sourcecode.swift; path = AppDelegate.swift; sourceTree = "<group>"; };
		84292DD626B537630045D638 /* SceneDelegate.swift */ = {isa = PBXFileReference; lastKnownFileType = sourcecode.swift; path = SceneDelegate.swift; sourceTree = "<group>"; };
		84292DDD26B537650045D638 /* Assets.xcassets */ = {isa = PBXFileReference; lastKnownFileType = folder.assetcatalog; path = Assets.xcassets; sourceTree = "<group>"; };
		84292DE026B537650045D638 /* Base */ = {isa = PBXFileReference; lastKnownFileType = file.storyboard; name = Base; path = Base.lproj/LaunchScreen.storyboard; sourceTree = "<group>"; };
		84292DE226B537650045D638 /* Info.plist */ = {isa = PBXFileReference; lastKnownFileType = text.plist.xml; path = Info.plist; sourceTree = "<group>"; };
		84292DEE26B53BF30045D638 /* UIColor+MyColors.h */ = {isa = PBXFileReference; lastKnownFileType = sourcecode.c.h; path = "UIColor+MyColors.h"; sourceTree = "<group>"; };
		84292DEF26B53BF30045D638 /* UIColor+MyColors.m */ = {isa = PBXFileReference; lastKnownFileType = sourcecode.c.objc; path = "UIColor+MyColors.m"; sourceTree = "<group>"; };
		84292DF126B541EC0045D638 /* UIFont+MyFont.h */ = {isa = PBXFileReference; lastKnownFileType = sourcecode.c.h; path = "UIFont+MyFont.h"; sourceTree = "<group>"; };
		84292DF226B541EC0045D638 /* UIFont+MyFont.m */ = {isa = PBXFileReference; lastKnownFileType = sourcecode.c.objc; path = "UIFont+MyFont.m"; sourceTree = "<group>"; };
		84292DF426B5454F0045D638 /* UIView+ToPNGDataMethod.h */ = {isa = PBXFileReference; lastKnownFileType = sourcecode.c.h; path = "UIView+ToPNGDataMethod.h"; sourceTree = "<group>"; };
		84292DF526B5454F0045D638 /* UIView+ToPNGDataMethod.m */ = {isa = PBXFileReference; lastKnownFileType = sourcecode.c.objc; path = "UIView+ToPNGDataMethod.m"; sourceTree = "<group>"; };
		84292E0126B5494D0045D638 /* PathToDraw.m */ = {isa = PBXFileReference; lastKnownFileType = sourcecode.c.objc; path = PathToDraw.m; sourceTree = "<group>"; };
		84292E0326B5495F0045D638 /* PathToDraw.h */ = {isa = PBXFileReference; lastKnownFileType = sourcecode.c.h; path = PathToDraw.h; sourceTree = "<group>"; };
		84292E0426B55D940045D638 /* HeadPath.m */ = {isa = PBXFileReference; lastKnownFileType = sourcecode.c.objc; path = HeadPath.m; sourceTree = "<group>"; };
		84292E0626B55DA50045D638 /* HeadPath.h */ = {isa = PBXFileReference; lastKnownFileType = sourcecode.c.h; path = HeadPath.h; sourceTree = "<group>"; };
		84292E0726B5678C0045D638 /* LandscapePath.m */ = {isa = PBXFileReference; lastKnownFileType = sourcecode.c.objc; path = LandscapePath.m; sourceTree = "<group>"; };
		84292E0926B567C10045D638 /* LandscapePath.h */ = {isa = PBXFileReference; lastKnownFileType = sourcecode.c.h; path = LandscapePath.h; sourceTree = "<group>"; };
/* End PBXFileReference section */

/* Begin PBXFrameworksBuildPhase section */
		84292DCE26B537630045D638 /* Frameworks */ = {
			isa = PBXFrameworksBuildPhase;
			buildActionMask = 2147483647;
			files = (
			);
			runOnlyForDeploymentPostprocessing = 0;
		};
/* End PBXFrameworksBuildPhase section */

/* Begin PBXGroup section */
		84292DC826B537630045D638 = {
			isa = PBXGroup;
			children = (
				84292DD326B537630045D638 /* Drawing pictures */,
				84292DD226B537630045D638 /* Products */,
			);
			sourceTree = "<group>";
		};
		84292DD226B537630045D638 /* Products */ = {
			isa = PBXGroup;
			children = (
				84292DD126B537630045D638 /* Drawing pictures.app */,
			);
			name = Products;
			sourceTree = "<group>";
		};
		84292DD326B537630045D638 /* Drawing pictures */ = {
			isa = PBXGroup;
			children = (
				84292DE826B537820045D638 /* Extensions */,
				84292DE926B537A00045D638 /* PathsForDrawing */,
				84292DEA26B537A80045D638 /* Views */,
				84292DEB26B537B40045D638 /* Controllers */,
				84292DD426B537630045D638 /* AppDelegate.swift */,
				84292DD626B537630045D638 /* SceneDelegate.swift */,
				84292DDD26B537650045D638 /* Assets.xcassets */,
				84292DDF26B537650045D638 /* LaunchScreen.storyboard */,
				84292DE226B537650045D638 /* Info.plist */,
			);
			path = "Drawing pictures";
			sourceTree = "<group>";
		};
		84292DE826B537820045D638 /* Extensions */ = {
			isa = PBXGroup;
			children = (
				84292DF126B541EC0045D638 /* UIFont+MyFont.h */,
				84292DF226B541EC0045D638 /* UIFont+MyFont.m */,
				84292DEE26B53BF30045D638 /* UIColor+MyColors.h */,
				84292DEF26B53BF30045D638 /* UIColor+MyColors.m */,
				84292DF426B5454F0045D638 /* UIView+ToPNGDataMethod.h */,
				84292DF526B5454F0045D638 /* UIView+ToPNGDataMethod.m */,
			);
			path = Extensions;
			sourceTree = "<group>";
		};
		84292DE926B537A00045D638 /* PathsForDrawing */ = {
			isa = PBXGroup;
			children = (
				84292E0326B5495F0045D638 /* PathToDraw.h */,
				84292E0126B5494D0045D638 /* PathToDraw.m */,
				8422846426B5A7F000145290 /* TreePath.h */,
				8422846226B5A7DF00145290 /* TreePath.m */,
				84292E0626B55DA50045D638 /* HeadPath.h */,
				84292E0426B55D940045D638 /* HeadPath.m */,
				8422845F26B5A58A00145290 /* PlanetPath.h */,
				8422846026B5A62A00145290 /* PlanetPath.m */,
				84292E0926B567C10045D638 /* LandscapePath.h */,
				84292E0726B5678C0045D638 /* LandscapePath.m */,
			);
			path = PathsForDrawing;
			sourceTree = "<group>";
		};
		84292DEA26B537A80045D638 /* Views */ = {
			isa = PBXGroup;
			children = (
				8411017F26B6CE4F00759BCE /* CanvasView.h */,
				8411018026B6CE4F00759BCE /* CanvasView.m */,
				8422846B26B5AA6400145290 /* ActionButton.h */,
				8422846C26B5AA7200145290 /* ActionButton.m */,
				8422847026B5AB1D00145290 /* DrawButton.h */,
				8422846E26B5AAFE00145290 /* DrawButton.m */,
				8422847126B5BB0B00145290 /* PaletteControl.h */,
				8422847226B5BB3200145290 /* PaletteControl.m */,
				8411017C26B6B7F200759BCE /* ColorOnPaletteView.h */,
				8411017D26B6B7F200759BCE /* ColorOnPaletteView.m */,
			);
			path = Views;
			sourceTree = "<group>";
		};
		84292DEB26B537B40045D638 /* Controllers */ = {
			isa = PBXGroup;
			children = (
				8411018726B6E2F800759BCE /* NavigationController.swift */,
				8411018326B6E2F800759BCE /* ArtistViewController.swift */,
				8411018226B6E2F800759BCE /* DrawingsViewController.swift */,
				8411018426B6E2F800759BCE /* ModalViewController.swift */,
				8411018526B6E2F800759BCE /* PaletteViewController.swift */,
				8411018626B6E2F800759BCE /* TimerViewController.swift */,
				8411018E26B6E34B00759BCE /* ArtisiViewController.h */,
				8411018F26B6E34B00759BCE /* ArtisiViewController.m */,
				8411019126B6F57A00759BCE /* PaletteViewController.h */,
				8411019226B6F57A00759BCE /* PaletteViewController.m */,
			);
			path = Controllers;
			sourceTree = "<group>";
		};
/* End PBXGroup section */

/* Begin PBXNativeTarget section */
		84292DD026B537630045D638 /* Drawing pictures */ = {
			isa = PBXNativeTarget;
			buildConfigurationList = 84292DE526B537650045D638 /* Build configuration list for PBXNativeTarget "Drawing pictures" */;
			buildPhases = (
				84292DCD26B537630045D638 /* Sources */,
				84292DCE26B537630045D638 /* Frameworks */,
				84292DCF26B537630045D638 /* Resources */,
			);
			buildRules = (
			);
			dependencies = (
			);
			name = "Drawing pictures";
			productName = "Drawing pictures";
			productReference = 84292DD126B537630045D638 /* Drawing pictures.app */;
			productType = "com.apple.product-type.application";
		};
/* End PBXNativeTarget section */

/* Begin PBXProject section */
		84292DC926B537630045D638 /* Project object */ = {
			isa = PBXProject;
			attributes = {
				LastSwiftUpdateCheck = 1250;
				LastUpgradeCheck = 1250;
				TargetAttributes = {
					84292DD026B537630045D638 = {
						CreatedOnToolsVersion = 12.5.1;
						LastSwiftMigration = 1250;
					};
				};
			};
			buildConfigurationList = 84292DCC26B537630045D638 /* Build configuration list for PBXProject "Drawing pictures" */;
			compatibilityVersion = "Xcode 9.3";
			developmentRegion = en;
			hasScannedForEncodings = 0;
			knownRegions = (
				en,
				Base,
			);
			mainGroup = 84292DC826B537630045D638;
			productRefGroup = 84292DD226B537630045D638 /* Products */;
			projectDirPath = "";
			projectRoot = "";
			targets = (
				84292DD026B537630045D638 /* Drawing pictures */,
			);
		};
/* End PBXProject section */

/* Begin PBXResourcesBuildPhase section */
		84292DCF26B537630045D638 /* Resources */ = {
			isa = PBXResourcesBuildPhase;
			buildActionMask = 2147483647;
			files = (
				84292DE126B537650045D638 /* LaunchScreen.storyboard in Resources */,
				84292DDE26B537650045D638 /* Assets.xcassets in Resources */,
			);
			runOnlyForDeploymentPostprocessing = 0;
		};
/* End PBXResourcesBuildPhase section */

/* Begin PBXSourcesBuildPhase section */
		84292DCD26B537630045D638 /* Sources */ = {
			isa = PBXSourcesBuildPhase;
			buildActionMask = 2147483647;
			files = (
				8411018C26B6E2F800759BCE /* TimerViewController.swift in Sources */,
				8411017E26B6B7F200759BCE /* ColorOnPaletteView.m in Sources */,
				8422846126B5A62A00145290 /* PlanetPath.m in Sources */,
				84292DF626B5454F0045D638 /* UIView+ToPNGDataMethod.m in Sources */,
				8411018B26B6E2F800759BCE /* PaletteViewController.swift in Sources */,
				8411018926B6E2F800759BCE /* ArtistViewController.swift in Sources */,
				8422846D26B5AA7200145290 /* ActionButton.m in Sources */,
				8411019326B6F57A00759BCE /* PaletteViewController.m in Sources */,
				8422846326B5A7DF00145290 /* TreePath.m in Sources */,
				8411019026B6E34B00759BCE /* ArtisiViewController.m in Sources */,
				8411018826B6E2F800759BCE /* DrawingsViewController.swift in Sources */,
				8422847326B5BB3200145290 /* PaletteControl.m in Sources */,
				8422846F26B5AAFE00145290 /* DrawButton.m in Sources */,
				84292DD526B537630045D638 /* AppDelegate.swift in Sources */,
				84292DF026B53BF30045D638 /* UIColor+MyColors.m in Sources */,
				84292E0526B55D940045D638 /* HeadPath.m in Sources */,
				84292DF326B541EC0045D638 /* UIFont+MyFont.m in Sources */,
				84292DD726B537630045D638 /* SceneDelegate.swift in Sources */,
				84292E0226B5494D0045D638 /* PathToDraw.m in Sources */,
				8411018126B6CE4F00759BCE /* CanvasView.m in Sources */,
				8411018A26B6E2F800759BCE /* ModalViewController.swift in Sources */,
				8411018D26B6E2F800759BCE /* NavigationController.swift in Sources */,
				84292E0826B5678C0045D638 /* LandscapePath.m in Sources */,
			);
			runOnlyForDeploymentPostprocessing = 0;
		};
/* End PBXSourcesBuildPhase section */

/* Begin PBXVariantGroup section */
		84292DDF26B537650045D638 /* LaunchScreen.storyboard */ = {
			isa = PBXVariantGroup;
			children = (
				84292DE026B537650045D638 /* Base */,
			);
			name = LaunchScreen.storyboard;
			sourceTree = "<group>";
		};
/* End PBXVariantGroup section */

/* Begin XCBuildConfiguration section */
		84292DE326B537650045D638 /* Debug */ = {
			isa = XCBuildConfiguration;
			buildSettings = {
				ALWAYS_SEARCH_USER_PATHS = NO;
				CLANG_ANALYZER_NONNULL = YES;
				CLANG_ANALYZER_NUMBER_OBJECT_CONVERSION = YES_AGGRESSIVE;
				CLANG_CXX_LANGUAGE_STANDARD = "gnu++14";
				CLANG_CXX_LIBRARY = "libc++";
				CLANG_ENABLE_MODULES = YES;
				CLANG_ENABLE_OBJC_ARC = YES;
				CLANG_ENABLE_OBJC_WEAK = YES;
				CLANG_WARN_BLOCK_CAPTURE_AUTORELEASING = YES;
				CLANG_WARN_BOOL_CONVERSION = YES;
				CLANG_WARN_COMMA = YES;
				CLANG_WARN_CONSTANT_CONVERSION = YES;
				CLANG_WARN_DEPRECATED_OBJC_IMPLEMENTATIONS = YES;
				CLANG_WARN_DIRECT_OBJC_ISA_USAGE = YES_ERROR;
				CLANG_WARN_DOCUMENTATION_COMMENTS = YES;
				CLANG_WARN_EMPTY_BODY = YES;
				CLANG_WARN_ENUM_CONVERSION = YES;
				CLANG_WARN_INFINITE_RECURSION = YES;
				CLANG_WARN_INT_CONVERSION = YES;
				CLANG_WARN_NON_LITERAL_NULL_CONVERSION = YES;
				CLANG_WARN_OBJC_IMPLICIT_RETAIN_SELF = YES;
				CLANG_WARN_OBJC_LITERAL_CONVERSION = YES;
				CLANG_WARN_OBJC_ROOT_CLASS = YES_ERROR;
				CLANG_WARN_QUOTED_INCLUDE_IN_FRAMEWORK_HEADER = YES;
				CLANG_WARN_RANGE_LOOP_ANALYSIS = YES;
				CLANG_WARN_STRICT_PROTOTYPES = YES;
				CLANG_WARN_SUSPICIOUS_MOVE = YES;
				CLANG_WARN_UNGUARDED_AVAILABILITY = YES_AGGRESSIVE;
				CLANG_WARN_UNREACHABLE_CODE = YES;
				CLANG_WARN__DUPLICATE_METHOD_MATCH = YES;
				COPY_PHASE_STRIP = NO;
				DEBUG_INFORMATION_FORMAT = dwarf;
				ENABLE_STRICT_OBJC_MSGSEND = YES;
				ENABLE_TESTABILITY = YES;
				GCC_C_LANGUAGE_STANDARD = gnu11;
				GCC_DYNAMIC_NO_PIC = NO;
				GCC_NO_COMMON_BLOCKS = YES;
				GCC_OPTIMIZATION_LEVEL = 0;
				GCC_PREPROCESSOR_DEFINITIONS = (
					"DEBUG=1",
					"$(inherited)",
				);
				GCC_WARN_64_TO_32_BIT_CONVERSION = YES;
				GCC_WARN_ABOUT_RETURN_TYPE = YES_ERROR;
				GCC_WARN_UNDECLARED_SELECTOR = YES;
				GCC_WARN_UNINITIALIZED_AUTOS = YES_AGGRESSIVE;
				GCC_WARN_UNUSED_FUNCTION = YES;
				GCC_WARN_UNUSED_VARIABLE = YES;
				IPHONEOS_DEPLOYMENT_TARGET = 14.5;
				MTL_ENABLE_DEBUG_INFO = INCLUDE_SOURCE;
				MTL_FAST_MATH = YES;
				ONLY_ACTIVE_ARCH = YES;
				SDKROOT = iphoneos;
				SWIFT_ACTIVE_COMPILATION_CONDITIONS = DEBUG;
				SWIFT_OPTIMIZATION_LEVEL = "-Onone";
			};
			name = Debug;
		};
		84292DE426B537650045D638 /* Release */ = {
			isa = XCBuildConfiguration;
			buildSettings = {
				ALWAYS_SEARCH_USER_PATHS = NO;
				CLANG_ANALYZER_NONNULL = YES;
				CLANG_ANALYZER_NUMBER_OBJECT_CONVERSION = YES_AGGRESSIVE;
				CLANG_CXX_LANGUAGE_STANDARD = "gnu++14";
				CLANG_CXX_LIBRARY = "libc++";
				CLANG_ENABLE_MODULES = YES;
				CLANG_ENABLE_OBJC_ARC = YES;
				CLANG_ENABLE_OBJC_WEAK = YES;
				CLANG_WARN_BLOCK_CAPTURE_AUTORELEASING = YES;
				CLANG_WARN_BOOL_CONVERSION = YES;
				CLANG_WARN_COMMA = YES;
				CLANG_WARN_CONSTANT_CONVERSION = YES;
				CLANG_WARN_DEPRECATED_OBJC_IMPLEMENTATIONS = YES;
				CLANG_WARN_DIRECT_OBJC_ISA_USAGE = YES_ERROR;
				CLANG_WARN_DOCUMENTATION_COMMENTS = YES;
				CLANG_WARN_EMPTY_BODY = YES;
				CLANG_WARN_ENUM_CONVERSION = YES;
				CLANG_WARN_INFINITE_RECURSION = YES;
				CLANG_WARN_INT_CONVERSION = YES;
				CLANG_WARN_NON_LITERAL_NULL_CONVERSION = YES;
				CLANG_WARN_OBJC_IMPLICIT_RETAIN_SELF = YES;
				CLANG_WARN_OBJC_LITERAL_CONVERSION = YES;
				CLANG_WARN_OBJC_ROOT_CLASS = YES_ERROR;
				CLANG_WARN_QUOTED_INCLUDE_IN_FRAMEWORK_HEADER = YES;
				CLANG_WARN_RANGE_LOOP_ANALYSIS = YES;
				CLANG_WARN_STRICT_PROTOTYPES = YES;
				CLANG_WARN_SUSPICIOUS_MOVE = YES;
				CLANG_WARN_UNGUARDED_AVAILABILITY = YES_AGGRESSIVE;
				CLANG_WARN_UNREACHABLE_CODE = YES;
				CLANG_WARN__DUPLICATE_METHOD_MATCH = YES;
				COPY_PHASE_STRIP = NO;
				DEBUG_INFORMATION_FORMAT = "dwarf-with-dsym";
				ENABLE_NS_ASSERTIONS = NO;
				ENABLE_STRICT_OBJC_MSGSEND = YES;
				GCC_C_LANGUAGE_STANDARD = gnu11;
				GCC_NO_COMMON_BLOCKS = YES;
				GCC_WARN_64_TO_32_BIT_CONVERSION = YES;
				GCC_WARN_ABOUT_RETURN_TYPE = YES_ERROR;
				GCC_WARN_UNDECLARED_SELECTOR = YES;
				GCC_WARN_UNINITIALIZED_AUTOS = YES_AGGRESSIVE;
				GCC_WARN_UNUSED_FUNCTION = YES;
				GCC_WARN_UNUSED_VARIABLE = YES;
				IPHONEOS_DEPLOYMENT_TARGET = 14.5;
				MTL_ENABLE_DEBUG_INFO = NO;
				MTL_FAST_MATH = YES;
				SDKROOT = iphoneos;
				SWIFT_COMPILATION_MODE = wholemodule;
				SWIFT_OPTIMIZATION_LEVEL = "-O";
				VALIDATE_PRODUCT = YES;
			};
			name = Release;
		};
		84292DE626B537650045D638 /* Debug */ = {
			isa = XCBuildConfiguration;
			buildSettings = {
				ASSETCATALOG_COMPILER_APPICON_NAME = AppIcon;
				ASSETCATALOG_COMPILER_GLOBAL_ACCENT_COLOR_NAME = AccentColor;
				CLANG_ENABLE_MODULES = YES;
				CODE_SIGN_STYLE = Automatic;
				DEVELOPMENT_TEAM = K4FDR4N6T3;
				INFOPLIST_FILE = "Drawing pictures/Info.plist";
				LD_RUNPATH_SEARCH_PATHS = (
					"$(inherited)",
					"@executable_path/Frameworks",
				);
				PRODUCT_BUNDLE_IDENTIFIER = "TrainingInCoding.Drawing-pictures";
				PRODUCT_NAME = "$(TARGET_NAME)";
				SWIFT_OPTIMIZATION_LEVEL = "-Onone";
				SWIFT_VERSION = 5.0;
				TARGETED_DEVICE_FAMILY = "1,2";
			};
			name = Debug;
		};
		84292DE726B537650045D638 /* Release */ = {
			isa = XCBuildConfiguration;
			buildSettings = {
				ASSETCATALOG_COMPILER_APPICON_NAME = AppIcon;
				ASSETCATALOG_COMPILER_GLOBAL_ACCENT_COLOR_NAME = AccentColor;
				CLANG_ENABLE_MODULES = YES;
				CODE_SIGN_STYLE = Automatic;
				DEVELOPMENT_TEAM = K4FDR4N6T3;
				INFOPLIST_FILE = "Drawing pictures/Info.plist";
				LD_RUNPATH_SEARCH_PATHS = (
					"$(inherited)",
					"@executable_path/Frameworks",
				);
				PRODUCT_BUNDLE_IDENTIFIER = "TrainingInCoding.Drawing-pictures";
				PRODUCT_NAME = "$(TARGET_NAME)";
				SWIFT_VERSION = 5.0;
				TARGETED_DEVICE_FAMILY = "1,2";
			};
			name = Release;
		};
/* End XCBuildConfiguration section */

/* Begin XCConfigurationList section */
		84292DCC26B537630045D638 /* Build configuration list for PBXProject "Drawing pictures" */ = {
			isa = XCConfigurationList;
			buildConfigurations = (
				84292DE326B537650045D638 /* Debug */,
				84292DE426B537650045D638 /* Release */,
			);
			defaultConfigurationIsVisible = 0;
			defaultConfigurationName = Release;
		};
		84292DE526B537650045D638 /* Build configuration list for PBXNativeTarget "Drawing pictures" */ = {
			isa = XCConfigurationList;
			buildConfigurations = (
				84292DE626B537650045D638 /* Debug */,
				84292DE726B537650045D638 /* Release */,
			);
			defaultConfigurationIsVisible = 0;
			defaultConfigurationName = Release;
		};
/* End XCConfigurationList section */
	};
	rootObject = 84292DC926B537630045D638 /* Project object */;
}
